
Microsoft Visual Studio Solution File, Format Version 12.00
# Visual Studio Version 17
VisualStudioVersion = 17.0.31903.59
MinimumVisualStudioVersion = 10.0.40219.1
Project("{2150E333-8FDC-42A3-9474-1A3956D46DE8}") = "Microservices", "Microservices", "{63B6C26E-02FD-4FB8-AACA-CD81E9A6A731}"
EndProject
Project("{9A19103F-16F7-4668-BE54-9A1E7A4F7556}") = "Ads", "Ads\Ads.csproj", "{AB50CA53-5E83-4A44-85BC-265E80823C38}"
EndProject
Project("{9A19103F-16F7-4668-BE54-9A1E7A4F7556}") = "SelectionAds", "SelectionAds\SelectionAds.csproj", "{F9672706-6E56-4C12-90F6-EEA38E053B9A}"
EndProject
Project("{9A19103F-16F7-4668-BE54-9A1E7A4F7556}") = "Interaction", "Interaction\Interaction.csproj", "{9727B1F3-8847-4CA9-8D26-F6DA011C4AE2}"
EndProject
Project("{2150E333-8FDC-42A3-9474-1A3956D46DE8}") = "Solution Items", "Solution Items", "{A233E4A6-E3FD-4031-BCF4-CF8958B76572}"
	ProjectSection(SolutionItems) = preProject
		TODO.txt = TODO.txt
		WhatIDid.txt = WhatIDid.txt
	EndProjectSection
EndProject
Project("{9A19103F-16F7-4668-BE54-9A1E7A4F7556}") = "UserProfile", "UserProfile\UserProfile.csproj", "{004FFCD8-998E-41CB-B7CD-C255129D1E5F}"
EndProject
Project("{9A19103F-16F7-4668-BE54-9A1E7A4F7556}") = "ClientApp", "ClientApp\ClientApp.csproj", "{5A42A997-26E5-4BBC-B6AC-301596318FFE}"
EndProject
Project("{FAE04EC0-301F-11D3-BF4B-00C04F79EFBC}") = "Helper", "Helper\Helper.csproj", "{952AAA65-2877-4D55-9F90-58F9A198E62B}"
EndProject
Global
	GlobalSection(SolutionConfigurationPlatforms) = preSolution
		Debug|Any CPU = Debug|Any CPU
		Release|Any CPU = Release|Any CPU
	EndGlobalSection
	GlobalSection(ProjectConfigurationPlatforms) = postSolution
		{AB50CA53-5E83-4A44-85BC-265E80823C38}.Debug|Any CPU.ActiveCfg = Debug|Any CPU
		{AB50CA53-5E83-4A44-85BC-265E80823C38}.Debug|Any CPU.Build.0 = Debug|Any CPU
		{AB50CA53-5E83-4A44-85BC-265E80823C38}.Release|Any CPU.ActiveCfg = Release|Any CPU
		{AB50CA53-5E83-4A44-85BC-265E80823C38}.Release|Any CPU.Build.0 = Release|Any CPU
		{F9672706-6E56-4C12-90F6-EEA38E053B9A}.Debug|Any CPU.ActiveCfg = Debug|Any CPU
		{F9672706-6E56-4C12-90F6-EEA38E053B9A}.Debug|Any CPU.Build.0 = Debug|Any CPU
		{F9672706-6E56-4C12-90F6-EEA38E053B9A}.Release|Any CPU.ActiveCfg = Release|Any CPU
		{F9672706-6E56-4C12-90F6-EEA38E053B9A}.Release|Any CPU.Build.0 = Release|Any CPU
		{9727B1F3-8847-4CA9-8D26-F6DA011C4AE2}.Debug|Any CPU.ActiveCfg = Debug|Any CPU
		{9727B1F3-8847-4CA9-8D26-F6DA011C4AE2}.Debug|Any CPU.Build.0 = Debug|Any CPU
		{9727B1F3-8847-4CA9-8D26-F6DA011C4AE2}.Release|Any CPU.ActiveCfg = Release|Any CPU
		{9727B1F3-8847-4CA9-8D26-F6DA011C4AE2}.Release|Any CPU.Build.0 = Release|Any CPU
		{004FFCD8-998E-41CB-B7CD-C255129D1E5F}.Debug|Any CPU.ActiveCfg = Debug|Any CPU
		{004FFCD8-998E-41CB-B7CD-C255129D1E5F}.Debug|Any CPU.Build.0 = Debug|Any CPU
		{004FFCD8-998E-41CB-B7CD-C255129D1E5F}.Release|Any CPU.ActiveCfg = Release|Any CPU
		{004FFCD8-998E-41CB-B7CD-C255129D1E5F}.Release|Any CPU.Build.0 = Release|Any CPU
		{5A42A997-26E5-4BBC-B6AC-301596318FFE}.Debug|Any CPU.ActiveCfg = Debug|Any CPU
		{5A42A997-26E5-4BBC-B6AC-301596318FFE}.Debug|Any CPU.Build.0 = Debug|Any CPU
		{5A42A997-26E5-4BBC-B6AC-301596318FFE}.Release|Any CPU.ActiveCfg = Release|Any CPU
		{5A42A997-26E5-4BBC-B6AC-301596318FFE}.Release|Any CPU.Build.0 = Release|Any CPU
		{952AAA65-2877-4D55-9F90-58F9A198E62B}.Debug|Any CPU.ActiveCfg = Debug|Any CPU
		{952AAA65-2877-4D55-9F90-58F9A198E62B}.Debug|Any CPU.Build.0 = Debug|Any CPU
		{952AAA65-2877-4D55-9F90-58F9A198E62B}.Release|Any CPU.ActiveCfg = Release|Any CPU
		{952AAA65-2877-4D55-9F90-58F9A198E62B}.Release|Any CPU.Build.0 = Release|Any CPU
	EndGlobalSection
	GlobalSection(SolutionProperties) = preSolution
		HideSolutionNode = FALSE
	EndGlobalSection
	GlobalSection(NestedProjects) = preSolution
		{AB50CA53-5E83-4A44-85BC-265E80823C38} = {63B6C26E-02FD-4FB8-AACA-CD81E9A6A731}
		{F9672706-6E56-4C12-90F6-EEA38E053B9A} = {63B6C26E-02FD-4FB8-AACA-CD81E9A6A731}
		{9727B1F3-8847-4CA9-8D26-F6DA011C4AE2} = {63B6C26E-02FD-4FB8-AACA-CD81E9A6A731}
		{004FFCD8-998E-41CB-B7CD-C255129D1E5F} = {63B6C26E-02FD-4FB8-AACA-CD81E9A6A731}
	EndGlobalSection
	GlobalSection(ExtensibilityGlobals) = postSolution
		SolutionGuid = {B0A559DB-2572-443E-9CAE-E7F32CDD3DD9}
	EndGlobalSection
EndGlobal
